// !$*UTF8*$!
{
	archiveVersion = 1;
	classes = {
	};
	objectVersion = 55;
	objects = {

/* Begin PBXBuildFile section */
		ECB7AEE4288ACD96004D4316 /* AppDelegate.swift in Sources */ = {isa = PBXBuildFile; fileRef = ECB7AEE3288ACD96004D4316 /* AppDelegate.swift */; };
		ECB7AEE6288ACD96004D4316 /* SceneDelegate.swift in Sources */ = {isa = PBXBuildFile; fileRef = ECB7AEE5288ACD96004D4316 /* SceneDelegate.swift */; };
		ECB7AEE8288ACD96004D4316 /* ViewController.swift in Sources */ = {isa = PBXBuildFile; fileRef = ECB7AEE7288ACD96004D4316 /* ViewController.swift */; };
		ECB7AEEB288ACD96004D4316 /* Main.storyboard in Resources */ = {isa = PBXBuildFile; fileRef = ECB7AEE9288ACD96004D4316 /* Main.storyboard */; };
		ECB7AEEE288ACD96004D4316 /* GalleryApp.xcdatamodeld in Sources */ = {isa = PBXBuildFile; fileRef = ECB7AEEC288ACD96004D4316 /* GalleryApp.xcdatamodeld */; };
		ECB7AEF0288ACD97004D4316 /* Assets.xcassets in Resources */ = {isa = PBXBuildFile; fileRef = ECB7AEEF288ACD97004D4316 /* Assets.xcassets */; };
		ECB7AEF3288ACD97004D4316 /* LaunchScreen.storyboard in Resources */ = {isa = PBXBuildFile; fileRef = ECB7AEF1288ACD97004D4316 /* LaunchScreen.storyboard */; };
		ECB7AEFD288AD4B6004D4316 /* photo.jpeg in Resources */ = {isa = PBXBuildFile; fileRef = ECB7AEFC288AD4B6004D4316 /* photo.jpeg */; };
		ECB7AEFF288ADCF7004D4316 /* default.jpeg in Resources */ = {isa = PBXBuildFile; fileRef = ECB7AEFE288ADCF7004D4316 /* default.jpeg */; };
		ECB7AF02288AE05F004D4316 /* TableViewCell.swift in Sources */ = {isa = PBXBuildFile; fileRef = ECB7AF01288AE05F004D4316 /* TableViewCell.swift */; };
		ECB7AF04288AE072004D4316 /* DatabaseHelper.swift in Sources */ = {isa = PBXBuildFile; fileRef = ECB7AF03288AE072004D4316 /* DatabaseHelper.swift */; };
		ECB7AF06288B1A2F004D4316 /* detailsViewController.swift in Sources */ = {isa = PBXBuildFile; fileRef = ECB7AF05288B1A2F004D4316 /* detailsViewController.swift */; };
/* End PBXBuildFile section */

/* Begin PBXFileReference section */
		ECB7AEE0288ACD96004D4316 /* GalleryApp.app */ = {isa = PBXFileReference; explicitFileType = wrapper.application; includeInIndex = 0; path = GalleryApp.app; sourceTree = BUILT_PRODUCTS_DIR; };
		ECB7AEE3288ACD96004D4316 /* AppDelegate.swift */ = {isa = PBXFileReference; lastKnownFileType = sourcecode.swift; path = AppDelegate.swift; sourceTree = "<group>"; };
		ECB7AEE5288ACD96004D4316 /* SceneDelegate.swift */ = {isa = PBXFileReference; lastKnownFileType = sourcecode.swift; path = SceneDelegate.swift; sourceTree = "<group>"; };
		ECB7AEE7288ACD96004D4316 /* ViewController.swift */ = {isa = PBXFileReference; lastKnownFileType = sourcecode.swift; path = ViewController.swift; sourceTree = "<group>"; };
		ECB7AEEA288ACD96004D4316 /* Base */ = {isa = PBXFileReference; lastKnownFileType = file.storyboard; name = Base; path = Base.lproj/Main.storyboard; sourceTree = "<group>"; };
		ECB7AEED288ACD96004D4316 /* GalleryApp.xcdatamodel */ = {isa = PBXFileReference; lastKnownFileType = wrapper.xcdatamodel; path = GalleryApp.xcdatamodel; sourceTree = "<group>"; };
		ECB7AEEF288ACD97004D4316 /* Assets.xcassets */ = {isa = PBXFileReference; lastKnownFileType = folder.assetcatalog; path = Assets.xcassets; sourceTree = "<group>"; };
		ECB7AEF2288ACD97004D4316 /* Base */ = {isa = PBXFileReference; lastKnownFileType = file.storyboard; name = Base; path = Base.lproj/LaunchScreen.storyboard; sourceTree = "<group>"; };
		ECB7AEF4288ACD97004D4316 /* Info.plist */ = {isa = PBXFileReference; lastKnownFileType = text.plist.xml; path = Info.plist; sourceTree = "<group>"; };
		ECB7AEFC288AD4B6004D4316 /* photo.jpeg */ = {isa = PBXFileReference; lastKnownFileType = image.jpeg; path = photo.jpeg; sourceTree = "<group>"; };
		ECB7AEFE288ADCF7004D4316 /* default.jpeg */ = {isa = PBXFileReference; lastKnownFileType = image.jpeg; path = default.jpeg; sourceTree = "<group>"; };
		ECB7AF01288AE05F004D4316 /* TableViewCell.swift */ = {isa = PBXFileReference; lastKnownFileType = sourcecode.swift; path = TableViewCell.swift; sourceTree = "<group>"; };
		ECB7AF03288AE072004D4316 /* DatabaseHelper.swift */ = {isa = PBXFileReference; lastKnownFileType = sourcecode.swift; path = DatabaseHelper.swift; sourceTree = "<group>"; };
		ECB7AF05288B1A2F004D4316 /* detailsViewController.swift */ = {isa = PBXFileReference; lastKnownFileType = sourcecode.swift; path = detailsViewController.swift; sourceTree = "<group>"; };
/* End PBXFileReference section */

/* Begin PBXFrameworksBuildPhase section */
		ECB7AEDD288ACD96004D4316 /* Frameworks */ = {
			isa = PBXFrameworksBuildPhase;
			buildActionMask = 2147483647;
			files = (
			);
			runOnlyForDeploymentPostprocessing = 0;
		};
/* End PBXFrameworksBuildPhase section */

/* Begin PBXGroup section */
		ECB7AED7288ACD96004D4316 = {
			isa = PBXGroup;
			children = (
				ECB7AEE2288ACD96004D4316 /* GalleryApp */,
				ECB7AEE1288ACD96004D4316 /* Products */,
			);
			sourceTree = "<group>";
		};
		ECB7AEE1288ACD96004D4316 /* Products */ = {
			isa = PBXGroup;
			children = (
				ECB7AEE0288ACD96004D4316 /* GalleryApp.app */,
			);
			name = Products;
			sourceTree = "<group>";
		};
		ECB7AEE2288ACD96004D4316 /* GalleryApp */ = {
			isa = PBXGroup;
			children = (
				ECB7AEE7288ACD96004D4316 /* ViewController.swift */,
				ECB7AF05288B1A2F004D4316 /* detailsViewController.swift */,
				ECB7AF01288AE05F004D4316 /* TableViewCell.swift */,
				ECB7AF03288AE072004D4316 /* DatabaseHelper.swift */,
				ECB7AEE9288ACD96004D4316 /* Main.storyboard */,
				ECB7AEEF288ACD97004D4316 /* Assets.xcassets */,
				ECB7AEF1288ACD97004D4316 /* LaunchScreen.storyboard */,
				ECB7AEF4288ACD97004D4316 /* Info.plist */,
				ECB7AEEC288ACD96004D4316 /* GalleryApp.xcdatamodeld */,
				ECB7AF00288AE017004D4316 /* App */,
			);
			path = GalleryApp;
			sourceTree = "<group>";
		};
		ECB7AF00288AE017004D4316 /* App */ = {
			isa = PBXGroup;
			children = (
				ECB7AEFE288ADCF7004D4316 /* default.jpeg */,
				ECB7AEFC288AD4B6004D4316 /* photo.jpeg */,
				ECB7AEE5288ACD96004D4316 /* SceneDelegate.swift */,
				ECB7AEE3288ACD96004D4316 /* AppDelegate.swift */,
			);
			path = App;
			sourceTree = "<group>";
		};
/* End PBXGroup section */

/* Begin PBXNativeTarget section */
		ECB7AEDF288ACD96004D4316 /* GalleryApp */ = {
			isa = PBXNativeTarget;
			buildConfigurationList = ECB7AEF7288ACD97004D4316 /* Build configuration list for PBXNativeTarget "GalleryApp" */;
			buildPhases = (
				ECB7AEDC288ACD96004D4316 /* Sources */,
				ECB7AEDD288ACD96004D4316 /* Frameworks */,
				ECB7AEDE288ACD96004D4316 /* Resources */,
			);
			buildRules = (
			);
			dependencies = (
			);
			name = GalleryApp;
			productName = GalleryApp;
			productReference = ECB7AEE0288ACD96004D4316 /* GalleryApp.app */;
			productType = "com.apple.product-type.application";
		};
/* End PBXNativeTarget section */

/* Begin PBXProject section */
		ECB7AED8288ACD96004D4316 /* Project object */ = {
			isa = PBXProject;
			attributes = {
				BuildIndependentTargetsInParallel = 1;
				LastSwiftUpdateCheck = 1320;
				LastUpgradeCheck = 1320;
				TargetAttributes = {
					ECB7AEDF288ACD96004D4316 = {
						CreatedOnToolsVersion = 13.2.1;
					};
				};
			};
			buildConfigurationList = ECB7AEDB288ACD96004D4316 /* Build configuration list for PBXProject "GalleryApp" */;
			compatibilityVersion = "Xcode 13.0";
			developmentRegion = en;
			hasScannedForEncodings = 0;
			knownRegions = (
				en,
				Base,
			);
			mainGroup = ECB7AED7288ACD96004D4316;
			productRefGroup = ECB7AEE1288ACD96004D4316 /* Products */;
			projectDirPath = "";
			projectRoot = "";
			targets = (
				ECB7AEDF288ACD96004D4316 /* GalleryApp */,
			);
		};
/* End PBXProject section */

/* Begin PBXResourcesBuildPhase section */
		ECB7AEDE288ACD96004D4316 /* Resources */ = {
			isa = PBXResourcesBuildPhase;
			buildActionMask = 2147483647;
			files = (
				ECB7AEFD288AD4B6004D4316 /* photo.jpeg in Resources */,
				ECB7AEF3288ACD97004D4316 /* LaunchScreen.storyboard in Resources */,
				ECB7AEF0288ACD97004D4316 /* Assets.xcassets in Resources */,
				ECB7AEFF288ADCF7004D4316 /* default.jpeg in Resources */,
				ECB7AEEB288ACD96004D4316 /* Main.storyboard in Resources */,
			);
			runOnlyForDeploymentPostprocessing = 0;
		};
/* End PBXResourcesBuildPhase section */

/* Begin PBXSourcesBuildPhase section */
		ECB7AEDC288ACD96004D4316 /* Sources */ = {
			isa = PBXSourcesBuildPhase;
			buildActionMask = 2147483647;
			files = (
				ECB7AF02288AE05F004D4316 /* TableViewCell.swift in Sources */,
				ECB7AEEE288ACD96004D4316 /* GalleryApp.xcdatamodeld in Sources */,
				ECB7AF06288B1A2F004D4316 /* detailsViewController.swift in Sources */,
				ECB7AEE8288ACD96004D4316 /* ViewController.swift in Sources */,
				ECB7AEE4288ACD96004D4316 /* AppDelegate.swift in Sources */,
				ECB7AF04288AE072004D4316 /* DatabaseHelper.swift in Sources */,
				ECB7AEE6288ACD96004D4316 /* SceneDelegate.swift in Sources */,
			);
			runOnlyForDeploymentPostprocessing = 0;
		};
/* End PBXSourcesBuildPhase section */

/* Begin PBXVariantGroup section */
		ECB7AEE9288ACD96004D4316 /* Main.storyboard */ = {
			isa = PBXVariantGroup;
			children = (
				ECB7AEEA288ACD96004D4316 /* Base */,
			);
			name = Main.storyboard;
			sourceTree = "<group>";
		};
		ECB7AEF1288ACD97004D4316 /* LaunchScreen.storyboard */ = {
			isa = PBXVariantGroup;
			children = (
				ECB7AEF2288ACD97004D4316 /* Base */,
			);
			name = LaunchScreen.storyboard;
			sourceTree = "<group>";
		};
/* End PBXVariantGroup section */

/* Begin XCBuildConfiguration section */
		ECB7AEF5288ACD97004D4316 /* Debug */ = {
			isa = XCBuildConfiguration;
			buildSettings = {
				ALWAYS_SEARCH_USER_PATHS = NO;
				CLANG_ANALYZER_NONNULL = YES;
				CLANG_ANALYZER_NUMBER_OBJECT_CONVERSION = YES_AGGRESSIVE;
				CLANG_CXX_LANGUAGE_STANDARD = "gnu++17";
				CLANG_CXX_LIBRARY = "libc++";
				CLANG_ENABLE_MODULES = YES;
				CLANG_ENABLE_OBJC_ARC = YES;
				CLANG_ENABLE_OBJC_WEAK = YES;
				CLANG_WARN_BLOCK_CAPTURE_AUTORELEASING = YES;
				CLANG_WARN_BOOL_CONVERSION = YES;
				CLANG_WARN_COMMA = YES;
				CLANG_WARN_CONSTANT_CONVERSION = YES;
				CLANG_WARN_DEPRECATED_OBJC_IMPLEMENTATIONS = YES;
				CLANG_WARN_DIRECT_OBJC_ISA_USAGE = YES_ERROR;
				CLANG_WARN_DOCUMENTATION_COMMENTS = YES;
				CLANG_WARN_EMPTY_BODY = YES;
				CLANG_WARN_ENUM_CONVERSION = YES;
				CLANG_WARN_INFINITE_RECURSION = YES;
				CLANG_WARN_INT_CONVERSION = YES;
				CLANG_WARN_NON_LITERAL_NULL_CONVERSION = YES;
				CLANG_WARN_OBJC_IMPLICIT_RETAIN_SELF = YES;
				CLANG_WARN_OBJC_LITERAL_CONVERSION = YES;
				CLANG_WARN_OBJC_ROOT_CLASS = YES_ERROR;
				CLANG_WARN_QUOTED_INCLUDE_IN_FRAMEWORK_HEADER = YES;
				CLANG_WARN_RANGE_LOOP_ANALYSIS = YES;
				CLANG_WARN_STRICT_PROTOTYPES = YES;
				CLANG_WARN_SUSPICIOUS_MOVE = YES;
				CLANG_WARN_UNGUARDED_AVAILABILITY = YES_AGGRESSIVE;
				CLANG_WARN_UNREACHABLE_CODE = YES;
				CLANG_WARN__DUPLICATE_METHOD_MATCH = YES;
				COPY_PHASE_STRIP = NO;
				DEBUG_INFORMATION_FORMAT = dwarf;
				ENABLE_STRICT_OBJC_MSGSEND = YES;
				ENABLE_TESTABILITY = YES;
				GCC_C_LANGUAGE_STANDARD = gnu11;
				GCC_DYNAMIC_NO_PIC = NO;
				GCC_NO_COMMON_BLOCKS = YES;
				GCC_OPTIMIZATION_LEVEL = 0;
				GCC_PREPROCESSOR_DEFINITIONS = (
					"DEBUG=1",
					"$(inherited)",
				);
				GCC_WARN_64_TO_32_BIT_CONVERSION = YES;
				GCC_WARN_ABOUT_RETURN_TYPE = YES_ERROR;
				GCC_WARN_UNDECLARED_SELECTOR = YES;
				GCC_WARN_UNINITIALIZED_AUTOS = YES_AGGRESSIVE;
				GCC_WARN_UNUSED_FUNCTION = YES;
				GCC_WARN_UNUSED_VARIABLE = YES;
				IPHONEOS_DEPLOYMENT_TARGET = 15.2;
				MTL_ENABLE_DEBUG_INFO = INCLUDE_SOURCE;
				MTL_FAST_MATH = YES;
				ONLY_ACTIVE_ARCH = YES;
				SDKROOT = iphoneos;
				SWIFT_ACTIVE_COMPILATION_CONDITIONS = DEBUG;
				SWIFT_OPTIMIZATION_LEVEL = "-Onone";
			};
			name = Debug;
		};
		ECB7AEF6288ACD97004D4316 /* Release */ = {
			isa = XCBuildConfiguration;
			buildSettings = {
				ALWAYS_SEARCH_USER_PATHS = NO;
				CLANG_ANALYZER_NONNULL = YES;
				CLANG_ANALYZER_NUMBER_OBJECT_CONVERSION = YES_AGGRESSIVE;
				CLANG_CXX_LANGUAGE_STANDARD = "gnu++17";
				CLANG_CXX_LIBRARY = "libc++";
				CLANG_ENABLE_MODULES = YES;
				CLANG_ENABLE_OBJC_ARC = YES;
				CLANG_ENABLE_OBJC_WEAK = YES;
				CLANG_WARN_BLOCK_CAPTURE_AUTORELEASING = YES;
				CLANG_WARN_BOOL_CONVERSION = YES;
				CLANG_WARN_COMMA = YES;
				CLANG_WARN_CONSTANT_CONVERSION = YES;
				CLANG_WARN_DEPRECATED_OBJC_IMPLEMENTATIONS = YES;
				CLANG_WARN_DIRECT_OBJC_ISA_USAGE = YES_ERROR;
				CLANG_WARN_DOCUMENTATION_COMMENTS = YES;
				CLANG_WARN_EMPTY_BODY = YES;
				CLANG_WARN_ENUM_CONVERSION = YES;
				CLANG_WARN_INFINITE_RECURSION = YES;
				CLANG_WARN_INT_CONVERSION = YES;
				CLANG_WARN_NON_LITERAL_NULL_CONVERSION = YES;
				CLANG_WARN_OBJC_IMPLICIT_RETAIN_SELF = YES;
				CLANG_WARN_OBJC_LITERAL_CONVERSION = YES;
				CLANG_WARN_OBJC_ROOT_CLASS = YES_ERROR;
				CLANG_WARN_QUOTED_INCLUDE_IN_FRAMEWORK_HEADER = YES;
				CLANG_WARN_RANGE_LOOP_ANALYSIS = YES;
				CLANG_WARN_STRICT_PROTOTYPES = YES;
				CLANG_WARN_SUSPICIOUS_MOVE = YES;
				CLANG_WARN_UNGUARDED_AVAILABILITY = YES_AGGRESSIVE;
				CLANG_WARN_UNREACHABLE_CODE = YES;
				CLANG_WARN__DUPLICATE_METHOD_MATCH = YES;
				COPY_PHASE_STRIP = NO;
				DEBUG_INFORMATION_FORMAT = "dwarf-with-dsym";
				ENABLE_NS_ASSERTIONS = NO;
				ENABLE_STRICT_OBJC_MSGSEND = YES;
				GCC_C_LANGUAGE_STANDARD = gnu11;
				GCC_NO_COMMON_BLOCKS = YES;
				GCC_WARN_64_TO_32_BIT_CONVERSION = YES;
				GCC_WARN_ABOUT_RETURN_TYPE = YES_ERROR;
				GCC_WARN_UNDECLARED_SELECTOR = YES;
				GCC_WARN_UNINITIALIZED_AUTOS = YES_AGGRESSIVE;
				GCC_WARN_UNUSED_FUNCTION = YES;
				GCC_WARN_UNUSED_VARIABLE = YES;
				IPHONEOS_DEPLOYMENT_TARGET = 15.2;
				MTL_ENABLE_DEBUG_INFO = NO;
				MTL_FAST_MATH = YES;
				SDKROOT = iphoneos;
				SWIFT_COMPILATION_MODE = wholemodule;
				SWIFT_OPTIMIZATION_LEVEL = "-O";
				VALIDATE_PRODUCT = YES;
			};
			name = Release;
		};
		ECB7AEF8288ACD97004D4316 /* Debug */ = {
			isa = XCBuildConfiguration;
			buildSettings = {
				ASSETCATALOG_COMPILER_APPICON_NAME = AppIcon;
				ASSETCATALOG_COMPILER_GLOBAL_ACCENT_COLOR_NAME = AccentColor;
				CODE_SIGN_STYLE = Automatic;
				CURRENT_PROJECT_VERSION = 1;
				DEVELOPMENT_TEAM = 3KRQW7JR73;
				GENERATE_INFOPLIST_FILE = YES;
				INFOPLIST_FILE = GalleryApp/Info.plist;
				INFOPLIST_KEY_UIApplicationSupportsIndirectInputEvents = YES;
				INFOPLIST_KEY_UILaunchStoryboardName = LaunchScreen;
				INFOPLIST_KEY_UIMainStoryboardFile = Main;
				INFOPLIST_KEY_UISupportedInterfaceOrientations_iPad = "UIInterfaceOrientationPortrait UIInterfaceOrientationPortraitUpsideDown UIInterfaceOrientationLandscapeLeft UIInterfaceOrientationLandscapeRight";
				INFOPLIST_KEY_UISupportedInterfaceOrientations_iPhone = "UIInterfaceOrientationPortrait UIInterfaceOrientationLandscapeLeft UIInterfaceOrientationLandscapeRight";
				LD_RUNPATH_SEARCH_PATHS = (
					"$(inherited)",
					"@executable_path/Frameworks",
				);
				MARKETING_VERSION = 1.0;
				PRODUCT_BUNDLE_IDENTIFIER = enes.GalleryApp;
				PRODUCT_NAME = "$(TARGET_NAME)";
				SWIFT_EMIT_LOC_STRINGS = YES;
				SWIFT_VERSION = 5.0;
				TARGETED_DEVICE_FAMILY = "1,2";
			};
			name = Debug;
		};
		ECB7AEF9288ACD97004D4316 /* Release */ = {
			isa = XCBuildConfiguration;
			buildSettings = {
				ASSETCATALOG_COMPILER_APPICON_NAME = AppIcon;
				ASSETCATALOG_COMPILER_GLOBAL_ACCENT_COLOR_NAME = AccentColor;
				CODE_SIGN_STYLE = Automatic;
				CURRENT_PROJECT_VERSION = 1;
				DEVELOPMENT_TEAM = 3KRQW7JR73;
				GENERATE_INFOPLIST_FILE = YES;
				INFOPLIST_FILE = GalleryApp/Info.plist;
				INFOPLIST_KEY_UIApplicationSupportsIndirectInputEvents = YES;
				INFOPLIST_KEY_UILaunchStoryboardName = LaunchScreen;
				INFOPLIST_KEY_UIMainStoryboardFile = Main;
				INFOPLIST_KEY_UISupportedInterfaceOrientations_iPad = "UIInterfaceOrientationPortrait UIInterfaceOrientationPortraitUpsideDown UIInterfaceOrientationLandscapeLeft UIInterfaceOrientationLandscapeRight";
				INFOPLIST_KEY_UISupportedInterfaceOrientations_iPhone = "UIInterfaceOrientationPortrait UIInterfaceOrientationLandscapeLeft UIInterfaceOrientationLandscapeRight";
				LD_RUNPATH_SEARCH_PATHS = (
					"$(inherited)",
					"@executable_path/Frameworks",
				);
				MARKETING_VERSION = 1.0;
				PRODUCT_BUNDLE_IDENTIFIER = enes.GalleryApp;
				PRODUCT_NAME = "$(TARGET_NAME)";
				SWIFT_EMIT_LOC_STRINGS = YES;
				SWIFT_VERSION = 5.0;
				TARGETED_DEVICE_FAMILY = "1,2";
			};
			name = Release;
		};
/* End XCBuildConfiguration section */

/* Begin XCConfigurationList section */
		ECB7AEDB288ACD96004D4316 /* Build configuration list for PBXProject "GalleryApp" */ = {
			isa = XCConfigurationList;
			buildConfigurations = (
				ECB7AEF5288ACD97004D4316 /* Debug */,
				ECB7AEF6288ACD97004D4316 /* Release */,
			);
			defaultConfigurationIsVisible = 0;
			defaultConfigurationName = Release;
		};
		ECB7AEF7288ACD97004D4316 /* Build configuration list for PBXNativeTarget "GalleryApp" */ = {
			isa = XCConfigurationList;
			buildConfigurations = (
				ECB7AEF8288ACD97004D4316 /* Debug */,
				ECB7AEF9288ACD97004D4316 /* Release */,
			);
			defaultConfigurationIsVisible = 0;
			defaultConfigurationName = Release;
		};
/* End XCConfigurationList section */

/* Begin XCVersionGroup section */
		ECB7AEEC288ACD96004D4316 /* GalleryApp.xcdatamodeld */ = {
			isa = XCVersionGroup;
			children = (
				ECB7AEED288ACD96004D4316 /* GalleryApp.xcdatamodel */,
			);
			currentVersion = ECB7AEED288ACD96004D4316 /* GalleryApp.xcdatamodel */;
			path = GalleryApp.xcdatamodeld;
			sourceTree = "<group>";
			versionGroupType = wrapper.xcdatamodel;
		};
/* End XCVersionGroup section */
	};
	rootObject = ECB7AED8288ACD96004D4316 /* Project object */;
}
